
Microsoft Visual Studio Solution File, Format Version 12.00
# Visual Studio Version 17
VisualStudioVersion = 17.11.35327.3
MinimumVisualStudioVersion = 10.0.40219.1
Project("{FAE04EC0-301F-11D3-BF4B-00C04F79EFBC}") = "FirsModulsExam", "FirsModulsExam.csproj", "{A66C25A4-C490-451A-A7C1-45AF2BE081C1}"
EndProject
Global
	GlobalSection(SolutionConfigurationPlatforms) = preSolution
		Debug|Any CPU = Debug|Any CPU
		Release|Any CPU = Release|Any CPU
	EndGlobalSection
	GlobalSection(ProjectConfigurationPlatforms) = postSolution
		{A66C25A4-C490-451A-A7C1-45AF2BE081C1}.Debug|Any CPU.ActiveCfg = Debug|Any CPU
		{A66C25A4-C490-451A-A7C1-45AF2BE081C1}.Debug|Any CPU.Build.0 = Debug|Any CPU
		{A66C25A4-C490-451A-A7C1-45AF2BE081C1}.Release|Any CPU.ActiveCfg = Release|Any CPU
		{A66C25A4-C490-451A-A7C1-45AF2BE081C1}.Release|Any CPU.Build.0 = Release|Any CPU
	EndGlobalSection
	GlobalSection(SolutionProperties) = preSolution
		HideSolutionNode = FALSE
	EndGlobalSection
	GlobalSection(ExtensibilityGlobals) = postSolution
		SolutionGuid = {7F0C09B0-E817-4E90-A02F-0826933D1CA8}
	EndGlobalSection
EndGlobal
